{
  "name": "sortnumber",
  "version": "1.0.0",
  "lockfileVersion": 2,
  "requires": true,
  "packages": {
    "": {
      "name": "sortnumber",
      "version": "1.0.0",
      "license": "ISC",
      "dependencies": {
        "big-number": "^2.0.0"
      }
    },
    "node_modules/big-number": {
      "version": "2.0.0",
      "resolved": "http://verdaccio.goldware.jp/big-number/-/big-number-2.0.0.tgz",
      "integrity": "sha512-C67Su0g+XsmXADX/UM9L/+xSbqqwq0D/qGJs2ky6Noy2FDuCZnC38ZSXODiaBvqWma2VYRZEXgm4H74PS6tCDg==",
      "license": "MIT"
    }
  },
  "dependencies": {
    "big-number": {
      "version": "2.0.0",
      "resolved": "http://verdaccio.goldware.jp/big-number/-/big-number-2.0.0.tgz",
      "integrity": "sha512-C67Su0g+XsmXADX/UM9L/+xSbqqwq0D/qGJs2ky6Noy2FDuCZnC38ZSXODiaBvqWma2VYRZEXgm4H74PS6tCDg=="
    }
  }
}
